
Microsoft Visual Studio Solution File, Format Version 12.00
# Visual Studio 2013
VisualStudioVersion = 12.0.31101.0
MinimumVisualStudioVersion = 10.0.40219.1
Project("{262852C6-CD72-467D-83FE-5EEB1973A190}") = "ElectriTrackerPhone", "ElectriTrackerPhone\ElectriTrackerPhone.jsproj", "{832CD1A9-C9B1-4F3A-B01E-A52C79D919BD}"
EndProject
Project("{FAE04EC0-301F-11D3-BF4B-00C04F79EFBC}") = "ElectriTrackerCenter", "ElectriTrackerCenter\ElectriTrackerCenter.csproj", "{609FA0D1-5209-45D4-9F22-6D6C49161408}"
EndProject
Project("{FAE04EC0-301F-11D3-BF4B-00C04F79EFBC}") = "ElectriTrackerService", "ElectriTrackerService\ElectriTrackerService.csproj", "{C85CA4CA-39DB-45D6-89F6-E5B438AF328E}"
EndProject
Global
	GlobalSection(TeamFoundationVersionControl) = preSolution
		SccNumberOfProjects = 4
		SccEnterpriseProvider = {4CA58AB2-18FA-4F8D-95D4-32DDF27D184C}
		SccTeamFoundationServer = https://mentorsorin.visualstudio.com/defaultcollection
		SccLocalPath0 = .
		SccProjectUniqueName1 = ElectriTrackerPhone\\ElectriTrackerPhone.jsproj
		SccProjectName1 = ElectriTrackerPhone
		SccLocalPath1 = ElectriTrackerPhone
		SccProjectUniqueName2 = ElectriTrackerCenter\\ElectriTrackerCenter.csproj
		SccProjectName2 = ElectriTrackerCenter
		SccLocalPath2 = ElectriTrackerCenter
		SccProjectUniqueName3 = ElectriTrackerService\\ElectriTrackerService.csproj
		SccProjectName3 = ElectriTrackerService
		SccLocalPath3 = ElectriTrackerService
	EndGlobalSection
	GlobalSection(SolutionConfigurationPlatforms) = preSolution
		Debug|Android = Debug|Android
		Debug|Any CPU = Debug|Any CPU
		Debug|iOS = Debug|iOS
		Debug|Mixed Platforms = Debug|Mixed Platforms
		Debug|Windows Phone (Universal) = Debug|Windows Phone (Universal)
		Debug|Windows Phone 8 = Debug|Windows Phone 8
		Debug|Windows-AnyCPU = Debug|Windows-AnyCPU
		Debug|Windows-ARM = Debug|Windows-ARM
		Debug|Windows-x64 = Debug|Windows-x64
		Debug|Windows-x86 = Debug|Windows-x86
		Distribution|Android = Distribution|Android
		Distribution|Any CPU = Distribution|Any CPU
		Distribution|iOS = Distribution|iOS
		Distribution|Mixed Platforms = Distribution|Mixed Platforms
		Distribution|Windows Phone (Universal) = Distribution|Windows Phone (Universal)
		Distribution|Windows Phone 8 = Distribution|Windows Phone 8
		Distribution|Windows-AnyCPU = Distribution|Windows-AnyCPU
		Distribution|Windows-ARM = Distribution|Windows-ARM
		Distribution|Windows-x64 = Distribution|Windows-x64
		Distribution|Windows-x86 = Distribution|Windows-x86
		Release|Android = Release|Android
		Release|Any CPU = Release|Any CPU
		Release|iOS = Release|iOS
		Release|Mixed Platforms = Release|Mixed Platforms
		Release|Windows Phone (Universal) = Release|Windows Phone (Universal)
		Release|Windows Phone 8 = Release|Windows Phone 8
		Release|Windows-AnyCPU = Release|Windows-AnyCPU
		Release|Windows-ARM = Release|Windows-ARM
		Release|Windows-x64 = Release|Windows-x64
		Release|Windows-x86 = Release|Windows-x86
	EndGlobalSection
	GlobalSection(ProjectConfigurationPlatforms) = postSolution
		{832CD1A9-C9B1-4F3A-B01E-A52C79D919BD}.Debug|Android.ActiveCfg = Debug|Android
		{832CD1A9-C9B1-4F3A-B01E-A52C79D919BD}.Debug|Android.Build.0 = Debug|Android
		{832CD1A9-C9B1-4F3A-B01E-A52C79D919BD}.Debug|Android.Deploy.0 = Debug|Android
		{832CD1A9-C9B1-4F3A-B01E-A52C79D919BD}.Debug|Any CPU.ActiveCfg = Debug|Android
		{832CD1A9-C9B1-4F3A-B01E-A52C79D919BD}.Debug|iOS.ActiveCfg = Debug|iOS
		{832CD1A9-C9B1-4F3A-B01E-A52C79D919BD}.Debug|iOS.Build.0 = Debug|iOS
		{832CD1A9-C9B1-4F3A-B01E-A52C79D919BD}.Debug|iOS.Deploy.0 = Debug|iOS
		{832CD1A9-C9B1-4F3A-B01E-A52C79D919BD}.Debug|Mixed Platforms.ActiveCfg = Debug|Android
		{832CD1A9-C9B1-4F3A-B01E-A52C79D919BD}.Debug|Mixed Platforms.Build.0 = Debug|Android
		{832CD1A9-C9B1-4F3A-B01E-A52C79D919BD}.Debug|Mixed Platforms.Deploy.0 = Debug|Android
		{832CD1A9-C9B1-4F3A-B01E-A52C79D919BD}.Debug|Windows Phone (Universal).ActiveCfg = Debug|Windows Phone (Universal)
		{832CD1A9-C9B1-4F3A-B01E-A52C79D919BD}.Debug|Windows Phone (Universal).Build.0 = Debug|Windows Phone (Universal)
		{832CD1A9-C9B1-4F3A-B01E-A52C79D919BD}.Debug|Windows Phone (Universal).Deploy.0 = Debug|Windows Phone (Universal)
		{832CD1A9-C9B1-4F3A-B01E-A52C79D919BD}.Debug|Windows Phone 8.ActiveCfg = Debug|Windows Phone 8
		{832CD1A9-C9B1-4F3A-B01E-A52C79D919BD}.Debug|Windows Phone 8.Build.0 = Debug|Windows Phone 8
		{832CD1A9-C9B1-4F3A-B01E-A52C79D919BD}.Debug|Windows Phone 8.Deploy.0 = Debug|Windows Phone 8
		{832CD1A9-C9B1-4F3A-B01E-A52C79D919BD}.Debug|Windows-AnyCPU.ActiveCfg = Debug|Windows-AnyCPU
		{832CD1A9-C9B1-4F3A-B01E-A52C79D919BD}.Debug|Windows-AnyCPU.Build.0 = Debug|Windows-AnyCPU
		{832CD1A9-C9B1-4F3A-B01E-A52C79D919BD}.Debug|Windows-AnyCPU.Deploy.0 = Debug|Windows-AnyCPU
		{832CD1A9-C9B1-4F3A-B01E-A52C79D919BD}.Debug|Windows-ARM.ActiveCfg = Debug|Windows-ARM
		{832CD1A9-C9B1-4F3A-B01E-A52C79D919BD}.Debug|Windows-ARM.Build.0 = Debug|Windows-ARM
		{832CD1A9-C9B1-4F3A-B01E-A52C79D919BD}.Debug|Windows-ARM.Deploy.0 = Debug|Windows-ARM
		{832CD1A9-C9B1-4F3A-B01E-A52C79D919BD}.Debug|Windows-x64.ActiveCfg = Debug|Windows-x64
		{832CD1A9-C9B1-4F3A-B01E-A52C79D919BD}.Debug|Windows-x64.Build.0 = Debug|Windows-x64
		{832CD1A9-C9B1-4F3A-B01E-A52C79D919BD}.Debug|Windows-x64.Deploy.0 = Debug|Windows-x64
		{832CD1A9-C9B1-4F3A-B01E-A52C79D919BD}.Debug|Windows-x86.ActiveCfg = Debug|Windows-x86
		{832CD1A9-C9B1-4F3A-B01E-A52C79D919BD}.Debug|Windows-x86.Build.0 = Debug|Windows-x86
		{832CD1A9-C9B1-4F3A-B01E-A52C79D919BD}.Debug|Windows-x86.Deploy.0 = Debug|Windows-x86
		{832CD1A9-C9B1-4F3A-B01E-A52C79D919BD}.Distribution|Android.ActiveCfg = Distribution|Android
		{832CD1A9-C9B1-4F3A-B01E-A52C79D919BD}.Distribution|Android.Build.0 = Distribution|Android
		{832CD1A9-C9B1-4F3A-B01E-A52C79D919BD}.Distribution|Android.Deploy.0 = Distribution|Android
		{832CD1A9-C9B1-4F3A-B01E-A52C79D919BD}.Distribution|Any CPU.ActiveCfg = Distribution|Android
		{832CD1A9-C9B1-4F3A-B01E-A52C79D919BD}.Distribution|iOS.ActiveCfg = Distribution|iOS
		{832CD1A9-C9B1-4F3A-B01E-A52C79D919BD}.Distribution|iOS.Build.0 = Distribution|iOS
		{832CD1A9-C9B1-4F3A-B01E-A52C79D919BD}.Distribution|iOS.Deploy.0 = Distribution|iOS
		{832CD1A9-C9B1-4F3A-B01E-A52C79D919BD}.Distribution|Mixed Platforms.ActiveCfg = Distribution|Windows Phone (Universal)
		{832CD1A9-C9B1-4F3A-B01E-A52C79D919BD}.Distribution|Mixed Platforms.Build.0 = Distribution|Windows Phone (Universal)
		{832CD1A9-C9B1-4F3A-B01E-A52C79D919BD}.Distribution|Mixed Platforms.Deploy.0 = Distribution|Windows Phone (Universal)
		{832CD1A9-C9B1-4F3A-B01E-A52C79D919BD}.Distribution|Windows Phone (Universal).ActiveCfg = Distribution|Windows Phone (Universal)
		{832CD1A9-C9B1-4F3A-B01E-A52C79D919BD}.Distribution|Windows Phone (Universal).Build.0 = Distribution|Windows Phone (Universal)
		{832CD1A9-C9B1-4F3A-B01E-A52C79D919BD}.Distribution|Windows Phone (Universal).Deploy.0 = Distribution|Windows Phone (Universal)
		{832CD1A9-C9B1-4F3A-B01E-A52C79D919BD}.Distribution|Windows Phone 8.ActiveCfg = Distribution|Windows Phone 8
		{832CD1A9-C9B1-4F3A-B01E-A52C79D919BD}.Distribution|Windows Phone 8.Build.0 = Distribution|Windows Phone 8
		{832CD1A9-C9B1-4F3A-B01E-A52C79D919BD}.Distribution|Windows Phone 8.Deploy.0 = Distribution|Windows Phone 8
		{832CD1A9-C9B1-4F3A-B01E-A52C79D919BD}.Distribution|Windows-AnyCPU.ActiveCfg = Distribution|Windows-AnyCPU
		{832CD1A9-C9B1-4F3A-B01E-A52C79D919BD}.Distribution|Windows-AnyCPU.Build.0 = Distribution|Windows-AnyCPU
		{832CD1A9-C9B1-4F3A-B01E-A52C79D919BD}.Distribution|Windows-AnyCPU.Deploy.0 = Distribution|Windows-AnyCPU
		{832CD1A9-C9B1-4F3A-B01E-A52C79D919BD}.Distribution|Windows-ARM.ActiveCfg = Distribution|Windows-ARM
		{832CD1A9-C9B1-4F3A-B01E-A52C79D919BD}.Distribution|Windows-ARM.Build.0 = Distribution|Windows-ARM
		{832CD1A9-C9B1-4F3A-B01E-A52C79D919BD}.Distribution|Windows-ARM.Deploy.0 = Distribution|Windows-ARM
		{832CD1A9-C9B1-4F3A-B01E-A52C79D919BD}.Distribution|Windows-x64.ActiveCfg = Distribution|Windows-x64
		{832CD1A9-C9B1-4F3A-B01E-A52C79D919BD}.Distribution|Windows-x64.Build.0 = Distribution|Windows-x64
		{832CD1A9-C9B1-4F3A-B01E-A52C79D919BD}.Distribution|Windows-x64.Deploy.0 = Distribution|Windows-x64
		{832CD1A9-C9B1-4F3A-B01E-A52C79D919BD}.Distribution|Windows-x86.ActiveCfg = Distribution|Windows-x86
		{832CD1A9-C9B1-4F3A-B01E-A52C79D919BD}.Distribution|Windows-x86.Build.0 = Distribution|Windows-x86
		{832CD1A9-C9B1-4F3A-B01E-A52C79D919BD}.Distribution|Windows-x86.Deploy.0 = Distribution|Windows-x86
		{832CD1A9-C9B1-4F3A-B01E-A52C79D919BD}.Release|Android.ActiveCfg = Release|Android
		{832CD1A9-C9B1-4F3A-B01E-A52C79D919BD}.Release|Android.Build.0 = Release|Android
		{832CD1A9-C9B1-4F3A-B01E-A52C79D919BD}.Release|Android.Deploy.0 = Release|Android
		{832CD1A9-C9B1-4F3A-B01E-A52C79D919BD}.Release|Any CPU.ActiveCfg = Release|Android
		{832CD1A9-C9B1-4F3A-B01E-A52C79D919BD}.Release|iOS.ActiveCfg = Release|iOS
		{832CD1A9-C9B1-4F3A-B01E-A52C79D919BD}.Release|iOS.Build.0 = Release|iOS
		{832CD1A9-C9B1-4F3A-B01E-A52C79D919BD}.Release|iOS.Deploy.0 = Release|iOS
		{832CD1A9-C9B1-4F3A-B01E-A52C79D919BD}.Release|Mixed Platforms.ActiveCfg = Release|Android
		{832CD1A9-C9B1-4F3A-B01E-A52C79D919BD}.Release|Mixed Platforms.Build.0 = Release|Android
		{832CD1A9-C9B1-4F3A-B01E-A52C79D919BD}.Release|Mixed Platforms.Deploy.0 = Release|Android
		{832CD1A9-C9B1-4F3A-B01E-A52C79D919BD}.Release|Windows Phone (Universal).ActiveCfg = Release|Windows Phone (Universal)
		{832CD1A9-C9B1-4F3A-B01E-A52C79D919BD}.Release|Windows Phone (Universal).Build.0 = Release|Windows Phone (Universal)
		{832CD1A9-C9B1-4F3A-B01E-A52C79D919BD}.Release|Windows Phone (Universal).Deploy.0 = Release|Windows Phone (Universal)
		{832CD1A9-C9B1-4F3A-B01E-A52C79D919BD}.Release|Windows Phone 8.ActiveCfg = Release|Windows Phone 8
		{832CD1A9-C9B1-4F3A-B01E-A52C79D919BD}.Release|Windows Phone 8.Build.0 = Release|Windows Phone 8
		{832CD1A9-C9B1-4F3A-B01E-A52C79D919BD}.Release|Windows Phone 8.Deploy.0 = Release|Windows Phone 8
		{832CD1A9-C9B1-4F3A-B01E-A52C79D919BD}.Release|Windows-AnyCPU.ActiveCfg = Release|Windows-AnyCPU
		{832CD1A9-C9B1-4F3A-B01E-A52C79D919BD}.Release|Windows-AnyCPU.Build.0 = Release|Windows-AnyCPU
		{832CD1A9-C9B1-4F3A-B01E-A52C79D919BD}.Release|Windows-AnyCPU.Deploy.0 = Release|Windows-AnyCPU
		{832CD1A9-C9B1-4F3A-B01E-A52C79D919BD}.Release|Windows-ARM.ActiveCfg = Release|Windows-ARM
		{832CD1A9-C9B1-4F3A-B01E-A52C79D919BD}.Release|Windows-ARM.Build.0 = Release|Windows-ARM
		{832CD1A9-C9B1-4F3A-B01E-A52C79D919BD}.Release|Windows-ARM.Deploy.0 = Release|Windows-ARM
		{832CD1A9-C9B1-4F3A-B01E-A52C79D919BD}.Release|Windows-x64.ActiveCfg = Release|Windows-x64
		{832CD1A9-C9B1-4F3A-B01E-A52C79D919BD}.Release|Windows-x64.Build.0 = Release|Windows-x64
		{832CD1A9-C9B1-4F3A-B01E-A52C79D919BD}.Release|Windows-x64.Deploy.0 = Release|Windows-x64
		{832CD1A9-C9B1-4F3A-B01E-A52C79D919BD}.Release|Windows-x86.ActiveCfg = Release|Windows-x86
		{832CD1A9-C9B1-4F3A-B01E-A52C79D919BD}.Release|Windows-x86.Build.0 = Release|Windows-x86
		{832CD1A9-C9B1-4F3A-B01E-A52C79D919BD}.Release|Windows-x86.Deploy.0 = Release|Windows-x86
		{609FA0D1-5209-45D4-9F22-6D6C49161408}.Debug|Android.ActiveCfg = Debug|Any CPU
		{609FA0D1-5209-45D4-9F22-6D6C49161408}.Debug|Any CPU.ActiveCfg = Debug|Any CPU
		{609FA0D1-5209-45D4-9F22-6D6C49161408}.Debug|Any CPU.Build.0 = Debug|Any CPU
		{609FA0D1-5209-45D4-9F22-6D6C49161408}.Debug|iOS.ActiveCfg = Debug|Any CPU
		{609FA0D1-5209-45D4-9F22-6D6C49161408}.Debug|Mixed Platforms.ActiveCfg = Debug|Any CPU
		{609FA0D1-5209-45D4-9F22-6D6C49161408}.Debug|Mixed Platforms.Build.0 = Debug|Any CPU
		{609FA0D1-5209-45D4-9F22-6D6C49161408}.Debug|Windows Phone (Universal).ActiveCfg = Debug|Any CPU
		{609FA0D1-5209-45D4-9F22-6D6C49161408}.Debug|Windows Phone 8.ActiveCfg = Debug|Any CPU
		{609FA0D1-5209-45D4-9F22-6D6C49161408}.Debug|Windows-AnyCPU.ActiveCfg = Debug|Any CPU
		{609FA0D1-5209-45D4-9F22-6D6C49161408}.Debug|Windows-ARM.ActiveCfg = Debug|Any CPU
		{609FA0D1-5209-45D4-9F22-6D6C49161408}.Debug|Windows-x64.ActiveCfg = Debug|Any CPU
		{609FA0D1-5209-45D4-9F22-6D6C49161408}.Debug|Windows-x86.ActiveCfg = Debug|Any CPU
		{609FA0D1-5209-45D4-9F22-6D6C49161408}.Distribution|Android.ActiveCfg = Debug|Any CPU
		{609FA0D1-5209-45D4-9F22-6D6C49161408}.Distribution|Any CPU.ActiveCfg = Debug|Any CPU
		{609FA0D1-5209-45D4-9F22-6D6C49161408}.Distribution|Any CPU.Build.0 = Debug|Any CPU
		{609FA0D1-5209-45D4-9F22-6D6C49161408}.Distribution|iOS.ActiveCfg = Debug|Any CPU
		{609FA0D1-5209-45D4-9F22-6D6C49161408}.Distribution|Mixed Platforms.ActiveCfg = Debug|Any CPU
		{609FA0D1-5209-45D4-9F22-6D6C49161408}.Distribution|Mixed Platforms.Build.0 = Debug|Any CPU
		{609FA0D1-5209-45D4-9F22-6D6C49161408}.Distribution|Windows Phone (Universal).ActiveCfg = Debug|Any CPU
		{609FA0D1-5209-45D4-9F22-6D6C49161408}.Distribution|Windows Phone 8.ActiveCfg = Debug|Any CPU
		{609FA0D1-5209-45D4-9F22-6D6C49161408}.Distribution|Windows-AnyCPU.ActiveCfg = Debug|Any CPU
		{609FA0D1-5209-45D4-9F22-6D6C49161408}.Distribution|Windows-ARM.ActiveCfg = Debug|Any CPU
		{609FA0D1-5209-45D4-9F22-6D6C49161408}.Distribution|Windows-x64.ActiveCfg = Debug|Any CPU
		{609FA0D1-5209-45D4-9F22-6D6C49161408}.Distribution|Windows-x86.ActiveCfg = Debug|Any CPU
		{609FA0D1-5209-45D4-9F22-6D6C49161408}.Release|Android.ActiveCfg = Release|Any CPU
		{609FA0D1-5209-45D4-9F22-6D6C49161408}.Release|Any CPU.ActiveCfg = Release|Any CPU
		{609FA0D1-5209-45D4-9F22-6D6C49161408}.Release|Any CPU.Build.0 = Release|Any CPU
		{609FA0D1-5209-45D4-9F22-6D6C49161408}.Release|iOS.ActiveCfg = Release|Any CPU
		{609FA0D1-5209-45D4-9F22-6D6C49161408}.Release|Mixed Platforms.ActiveCfg = Release|Any CPU
		{609FA0D1-5209-45D4-9F22-6D6C49161408}.Release|Mixed Platforms.Build.0 = Release|Any CPU
		{609FA0D1-5209-45D4-9F22-6D6C49161408}.Release|Windows Phone (Universal).ActiveCfg = Release|Any CPU
		{609FA0D1-5209-45D4-9F22-6D6C49161408}.Release|Windows Phone 8.ActiveCfg = Release|Any CPU
		{609FA0D1-5209-45D4-9F22-6D6C49161408}.Release|Windows-AnyCPU.ActiveCfg = Release|Any CPU
		{609FA0D1-5209-45D4-9F22-6D6C49161408}.Release|Windows-ARM.ActiveCfg = Release|Any CPU
		{609FA0D1-5209-45D4-9F22-6D6C49161408}.Release|Windows-x64.ActiveCfg = Release|Any CPU
		{609FA0D1-5209-45D4-9F22-6D6C49161408}.Release|Windows-x86.ActiveCfg = Release|Any CPU
		{C85CA4CA-39DB-45D6-89F6-E5B438AF328E}.Debug|Android.ActiveCfg = Debug|Any CPU
		{C85CA4CA-39DB-45D6-89F6-E5B438AF328E}.Debug|Any CPU.ActiveCfg = Debug|Any CPU
		{C85CA4CA-39DB-45D6-89F6-E5B438AF328E}.Debug|Any CPU.Build.0 = Debug|Any CPU
		{C85CA4CA-39DB-45D6-89F6-E5B438AF328E}.Debug|iOS.ActiveCfg = Debug|Any CPU
		{C85CA4CA-39DB-45D6-89F6-E5B438AF328E}.Debug|Mixed Platforms.ActiveCfg = Debug|Any CPU
		{C85CA4CA-39DB-45D6-89F6-E5B438AF328E}.Debug|Mixed Platforms.Build.0 = Debug|Any CPU
		{C85CA4CA-39DB-45D6-89F6-E5B438AF328E}.Debug|Windows Phone (Universal).ActiveCfg = Debug|Any CPU
		{C85CA4CA-39DB-45D6-89F6-E5B438AF328E}.Debug|Windows Phone 8.ActiveCfg = Debug|Any CPU
		{C85CA4CA-39DB-45D6-89F6-E5B438AF328E}.Debug|Windows-AnyCPU.ActiveCfg = Debug|Any CPU
		{C85CA4CA-39DB-45D6-89F6-E5B438AF328E}.Debug|Windows-ARM.ActiveCfg = Debug|Any CPU
		{C85CA4CA-39DB-45D6-89F6-E5B438AF328E}.Debug|Windows-x64.ActiveCfg = Debug|Any CPU
		{C85CA4CA-39DB-45D6-89F6-E5B438AF328E}.Debug|Windows-x86.ActiveCfg = Debug|Any CPU
		{C85CA4CA-39DB-45D6-89F6-E5B438AF328E}.Distribution|Android.ActiveCfg = Debug|Any CPU
		{C85CA4CA-39DB-45D6-89F6-E5B438AF328E}.Distribution|Any CPU.ActiveCfg = Debug|Any CPU
		{C85CA4CA-39DB-45D6-89F6-E5B438AF328E}.Distribution|Any CPU.Build.0 = Debug|Any CPU
		{C85CA4CA-39DB-45D6-89F6-E5B438AF328E}.Distribution|iOS.ActiveCfg = Debug|Any CPU
		{C85CA4CA-39DB-45D6-89F6-E5B438AF328E}.Distribution|Mixed Platforms.ActiveCfg = Debug|Any CPU
		{C85CA4CA-39DB-45D6-89F6-E5B438AF328E}.Distribution|Mixed Platforms.Build.0 = Debug|Any CPU
		{C85CA4CA-39DB-45D6-89F6-E5B438AF328E}.Distribution|Windows Phone (Universal).ActiveCfg = Debug|Any CPU
		{C85CA4CA-39DB-45D6-89F6-E5B438AF328E}.Distribution|Windows Phone 8.ActiveCfg = Debug|Any CPU
		{C85CA4CA-39DB-45D6-89F6-E5B438AF328E}.Distribution|Windows-AnyCPU.ActiveCfg = Debug|Any CPU
		{C85CA4CA-39DB-45D6-89F6-E5B438AF328E}.Distribution|Windows-ARM.ActiveCfg = Debug|Any CPU
		{C85CA4CA-39DB-45D6-89F6-E5B438AF328E}.Distribution|Windows-x64.ActiveCfg = Debug|Any CPU
		{C85CA4CA-39DB-45D6-89F6-E5B438AF328E}.Distribution|Windows-x86.ActiveCfg = Debug|Any CPU
		{C85CA4CA-39DB-45D6-89F6-E5B438AF328E}.Release|Android.ActiveCfg = Release|Any CPU
		{C85CA4CA-39DB-45D6-89F6-E5B438AF328E}.Release|Any CPU.ActiveCfg = Release|Any CPU
		{C85CA4CA-39DB-45D6-89F6-E5B438AF328E}.Release|Any CPU.Build.0 = Release|Any CPU
		{C85CA4CA-39DB-45D6-89F6-E5B438AF328E}.Release|iOS.ActiveCfg = Release|Any CPU
		{C85CA4CA-39DB-45D6-89F6-E5B438AF328E}.Release|Mixed Platforms.ActiveCfg = Release|Any CPU
		{C85CA4CA-39DB-45D6-89F6-E5B438AF328E}.Release|Mixed Platforms.Build.0 = Release|Any CPU
		{C85CA4CA-39DB-45D6-89F6-E5B438AF328E}.Release|Windows Phone (Universal).ActiveCfg = Release|Any CPU
		{C85CA4CA-39DB-45D6-89F6-E5B438AF328E}.Release|Windows Phone 8.ActiveCfg = Release|Any CPU
		{C85CA4CA-39DB-45D6-89F6-E5B438AF328E}.Release|Windows-AnyCPU.ActiveCfg = Release|Any CPU
		{C85CA4CA-39DB-45D6-89F6-E5B438AF328E}.Release|Windows-ARM.ActiveCfg = Release|Any CPU
		{C85CA4CA-39DB-45D6-89F6-E5B438AF328E}.Release|Windows-x64.ActiveCfg = Release|Any CPU
		{C85CA4CA-39DB-45D6-89F6-E5B438AF328E}.Release|Windows-x86.ActiveCfg = Release|Any CPU
	EndGlobalSection
	GlobalSection(SolutionProperties) = preSolution
		HideSolutionNode = FALSE
	EndGlobalSection
EndGlobal
